// !$*UTF8*$!
{
	archiveVersion = 1;
	classes = {
	};
	objectVersion = 56;
	objects = {

/* Begin PBXBuildFile section */
		0D74F4A82920AE60000E9237 /* Prime.swift in Sources */ = {isa = PBXBuildFile; fileRef = 0D74F4A72920AE60000E9237 /* Prime.swift */; };
		0D76387A290E2978004CD387 /* ObjExt.swift in Sources */ = {isa = PBXBuildFile; fileRef = 0D763879290E2978004CD387 /* ObjExt.swift */; };
		0DADAC272914007F00C30C0F /* QuickSort.swift in Sources */ = {isa = PBXBuildFile; fileRef = 0DADAC262914007F00C30C0F /* QuickSort.swift */; };
		0DADAC3329140DE700C30C0F /* DictionaryExt.swift in Sources */ = {isa = PBXBuildFile; fileRef = 0DADAC3229140DE700C30C0F /* DictionaryExt.swift */; };
		DAFCA41D28FAD8D700CF1DE6 /* AlgoBase.framework in Frameworks */ = {isa = PBXBuildFile; fileRef = DAFCA41228FAD8D700CF1DE6 /* AlgoBase.framework */; };
		DAFCA42228FAD8D700CF1DE6 /* AlgoBaseTests.swift in Sources */ = {isa = PBXBuildFile; fileRef = DAFCA42128FAD8D700CF1DE6 /* AlgoBaseTests.swift */; };
		DAFCA42328FAD8D700CF1DE6 /* AlgoBase.h in Headers */ = {isa = PBXBuildFile; fileRef = DAFCA41528FAD8D700CF1DE6 /* AlgoBase.h */; settings = {ATTRIBUTES = (Public, ); }; };
		DAFCA44228FAD91C00CF1DE6 /* Primer.swift in Sources */ = {isa = PBXBuildFile; fileRef = DAFCA42D28FAD91B00CF1DE6 /* Primer.swift */; };
		DAFCA44328FAD91C00CF1DE6 /* IntExt.swift in Sources */ = {isa = PBXBuildFile; fileRef = DAFCA43028FAD91B00CF1DE6 /* IntExt.swift */; };
		DAFCA44428FAD91C00CF1DE6 /* StringExt.swift in Sources */ = {isa = PBXBuildFile; fileRef = DAFCA43128FAD91B00CF1DE6 /* StringExt.swift */; };
		DAFCA44528FAD91C00CF1DE6 /* List.swift in Sources */ = {isa = PBXBuildFile; fileRef = DAFCA43228FAD91B00CF1DE6 /* List.swift */; };
		DAFCA44628FAD91C00CF1DE6 /* NumberTheory.swift in Sources */ = {isa = PBXBuildFile; fileRef = DAFCA43428FAD91B00CF1DE6 /* NumberTheory.swift */; };
		DAFCA44728FAD91C00CF1DE6 /* BinarySearch.swift in Sources */ = {isa = PBXBuildFile; fileRef = DAFCA43628FAD91B00CF1DE6 /* BinarySearch.swift */; };
		DAFCA44828FAD91C00CF1DE6 /* _Macro.swift in Sources */ = {isa = PBXBuildFile; fileRef = DAFCA43728FAD91B00CF1DE6 /* _Macro.swift */; };
		DAFCA44928FAD91C00CF1DE6 /* Stack.swift in Sources */ = {isa = PBXBuildFile; fileRef = DAFCA43928FAD91B00CF1DE6 /* Stack.swift */; };
		DAFCA44A28FAD91C00CF1DE6 /* Queue.swift in Sources */ = {isa = PBXBuildFile; fileRef = DAFCA43A28FAD91B00CF1DE6 /* Queue.swift */; };
		DAFCA44B28FAD91C00CF1DE6 /* Heap.swift in Sources */ = {isa = PBXBuildFile; fileRef = DAFCA43B28FAD91B00CF1DE6 /* Heap.swift */; };
		DAFCA44C28FAD91C00CF1DE6 /* Permutations.swift in Sources */ = {isa = PBXBuildFile; fileRef = DAFCA43D28FAD91B00CF1DE6 /* Permutations.swift */; };
		DAFCA44D28FAD91C00CF1DE6 /* Combinations.swift in Sources */ = {isa = PBXBuildFile; fileRef = DAFCA43E28FAD91B00CF1DE6 /* Combinations.swift */; };
		DAFCA44E28FAD91C00CF1DE6 /* LehmerCode.swift in Sources */ = {isa = PBXBuildFile; fileRef = DAFCA43F28FAD91B00CF1DE6 /* LehmerCode.swift */; };
		DAFCA44F28FAD91C00CF1DE6 /* AlgoBase.docc in Sources */ = {isa = PBXBuildFile; fileRef = DAFCA44128FAD91C00CF1DE6 /* AlgoBase.docc */; };
		DAFCA45528FADA9500CF1DE6 /* PriorityQueue.swift in Sources */ = {isa = PBXBuildFile; fileRef = DAFCA45428FADA9500CF1DE6 /* PriorityQueue.swift */; };
		DAFCA47128FBE68900CF1DE6 /* Tree.swift in Sources */ = {isa = PBXBuildFile; fileRef = DAFCA47028FBE68900CF1DE6 /* Tree.swift */; };
/* End PBXBuildFile section */

/* Begin PBXContainerItemProxy section */
		DAFCA41E28FAD8D700CF1DE6 /* PBXContainerItemProxy */ = {
			isa = PBXContainerItemProxy;
			containerPortal = DAFCA40928FAD8D700CF1DE6 /* Project object */;
			proxyType = 1;
			remoteGlobalIDString = DAFCA41128FAD8D700CF1DE6;
			remoteInfo = AlgoBase;
		};
/* End PBXContainerItemProxy section */

/* Begin PBXFileReference section */
		0D74F4A72920AE60000E9237 /* Prime.swift */ = {isa = PBXFileReference; lastKnownFileType = sourcecode.swift; path = Prime.swift; sourceTree = "<group>"; };
		0D763879290E2978004CD387 /* ObjExt.swift */ = {isa = PBXFileReference; lastKnownFileType = sourcecode.swift; path = ObjExt.swift; sourceTree = "<group>"; };
		0DADAC262914007F00C30C0F /* QuickSort.swift */ = {isa = PBXFileReference; fileEncoding = 4; lastKnownFileType = sourcecode.swift; path = QuickSort.swift; sourceTree = "<group>"; };
		0DADAC3229140DE700C30C0F /* DictionaryExt.swift */ = {isa = PBXFileReference; lastKnownFileType = sourcecode.swift; path = DictionaryExt.swift; sourceTree = "<group>"; };
		DAFCA41228FAD8D700CF1DE6 /* AlgoBase.framework */ = {isa = PBXFileReference; explicitFileType = wrapper.framework; includeInIndex = 0; path = AlgoBase.framework; sourceTree = BUILT_PRODUCTS_DIR; };
		DAFCA41528FAD8D700CF1DE6 /* AlgoBase.h */ = {isa = PBXFileReference; lastKnownFileType = sourcecode.c.h; path = AlgoBase.h; sourceTree = "<group>"; };
		DAFCA41C28FAD8D700CF1DE6 /* AlgoBaseTests.xctest */ = {isa = PBXFileReference; explicitFileType = wrapper.cfbundle; includeInIndex = 0; path = AlgoBaseTests.xctest; sourceTree = BUILT_PRODUCTS_DIR; };
		DAFCA42128FAD8D700CF1DE6 /* AlgoBaseTests.swift */ = {isa = PBXFileReference; lastKnownFileType = sourcecode.swift; path = AlgoBaseTests.swift; sourceTree = "<group>"; };
		DAFCA42D28FAD91B00CF1DE6 /* Primer.swift */ = {isa = PBXFileReference; fileEncoding = 4; lastKnownFileType = sourcecode.swift; path = Primer.swift; sourceTree = "<group>"; };
		DAFCA43028FAD91B00CF1DE6 /* IntExt.swift */ = {isa = PBXFileReference; fileEncoding = 4; lastKnownFileType = sourcecode.swift; path = IntExt.swift; sourceTree = "<group>"; };
		DAFCA43128FAD91B00CF1DE6 /* StringExt.swift */ = {isa = PBXFileReference; fileEncoding = 4; lastKnownFileType = sourcecode.swift; path = StringExt.swift; sourceTree = "<group>"; };
		DAFCA43228FAD91B00CF1DE6 /* List.swift */ = {isa = PBXFileReference; fileEncoding = 4; lastKnownFileType = sourcecode.swift; path = List.swift; sourceTree = "<group>"; };
		DAFCA43428FAD91B00CF1DE6 /* NumberTheory.swift */ = {isa = PBXFileReference; fileEncoding = 4; lastKnownFileType = sourcecode.swift; path = NumberTheory.swift; sourceTree = "<group>"; };
		DAFCA43628FAD91B00CF1DE6 /* BinarySearch.swift */ = {isa = PBXFileReference; fileEncoding = 4; lastKnownFileType = sourcecode.swift; path = BinarySearch.swift; sourceTree = "<group>"; };
		DAFCA43728FAD91B00CF1DE6 /* _Macro.swift */ = {isa = PBXFileReference; fileEncoding = 4; lastKnownFileType = sourcecode.swift; path = _Macro.swift; sourceTree = "<group>"; };
		DAFCA43928FAD91B00CF1DE6 /* Stack.swift */ = {isa = PBXFileReference; fileEncoding = 4; lastKnownFileType = sourcecode.swift; path = Stack.swift; sourceTree = "<group>"; };
		DAFCA43A28FAD91B00CF1DE6 /* Queue.swift */ = {isa = PBXFileReference; fileEncoding = 4; lastKnownFileType = sourcecode.swift; path = Queue.swift; sourceTree = "<group>"; };
		DAFCA43B28FAD91B00CF1DE6 /* Heap.swift */ = {isa = PBXFileReference; fileEncoding = 4; lastKnownFileType = sourcecode.swift; path = Heap.swift; sourceTree = "<group>"; };
		DAFCA43D28FAD91B00CF1DE6 /* Permutations.swift */ = {isa = PBXFileReference; fileEncoding = 4; lastKnownFileType = sourcecode.swift; path = Permutations.swift; sourceTree = "<group>"; };
		DAFCA43E28FAD91B00CF1DE6 /* Combinations.swift */ = {isa = PBXFileReference; fileEncoding = 4; lastKnownFileType = sourcecode.swift; path = Combinations.swift; sourceTree = "<group>"; };
		DAFCA43F28FAD91B00CF1DE6 /* LehmerCode.swift */ = {isa = PBXFileReference; fileEncoding = 4; lastKnownFileType = sourcecode.swift; path = LehmerCode.swift; sourceTree = "<group>"; };
		DAFCA44128FAD91C00CF1DE6 /* AlgoBase.docc */ = {isa = PBXFileReference; lastKnownFileType = folder.documentationcatalog; path = AlgoBase.docc; sourceTree = "<group>"; };
		DAFCA45428FADA9500CF1DE6 /* PriorityQueue.swift */ = {isa = PBXFileReference; lastKnownFileType = sourcecode.swift; path = PriorityQueue.swift; sourceTree = "<group>"; };
		DAFCA47028FBE68900CF1DE6 /* Tree.swift */ = {isa = PBXFileReference; lastKnownFileType = sourcecode.swift; path = Tree.swift; sourceTree = "<group>"; };
/* End PBXFileReference section */

/* Begin PBXFrameworksBuildPhase section */
		DAFCA40F28FAD8D700CF1DE6 /* Frameworks */ = {
			isa = PBXFrameworksBuildPhase;
			buildActionMask = 2147483647;
			files = (
			);
			runOnlyForDeploymentPostprocessing = 0;
		};
		DAFCA41928FAD8D700CF1DE6 /* Frameworks */ = {
			isa = PBXFrameworksBuildPhase;
			buildActionMask = 2147483647;
			files = (
				DAFCA41D28FAD8D700CF1DE6 /* AlgoBase.framework in Frameworks */,
			);
			runOnlyForDeploymentPostprocessing = 0;
		};
/* End PBXFrameworksBuildPhase section */

/* Begin PBXGroup section */
		0D763870290C1AE7004CD387 /* Sort */ = {
			isa = PBXGroup;
			children = (
				0DADAC262914007F00C30C0F /* QuickSort.swift */,
			);
			path = Sort;
			sourceTree = "<group>";
		};
		DAFCA40828FAD8D700CF1DE6 = {
			isa = PBXGroup;
			children = (
				DAFCA41428FAD8D700CF1DE6 /* AlgoBase */,
				DAFCA42028FAD8D700CF1DE6 /* AlgoBaseTests */,
				DAFCA44028FAD91C00CF1DE6 /* Support Files */,
				DAFCA41328FAD8D700CF1DE6 /* Products */,
			);
			sourceTree = "<group>";
		};
		DAFCA41328FAD8D700CF1DE6 /* Products */ = {
			isa = PBXGroup;
			children = (
				DAFCA41228FAD8D700CF1DE6 /* AlgoBase.framework */,
				DAFCA41C28FAD8D700CF1DE6 /* AlgoBaseTests.xctest */,
			);
			name = Products;
			sourceTree = "<group>";
		};
		DAFCA41428FAD8D700CF1DE6 /* AlgoBase */ = {
			isa = PBXGroup;
			children = (
				DAFCA41528FAD8D700CF1DE6 /* AlgoBase.h */,
				DAFCA42E28FAD91B00CF1DE6 /* Base */,
				DAFCA42C28FAD91B00CF1DE6 /* Books */,
			);
			path = AlgoBase;
			sourceTree = "<group>";
		};
		DAFCA42028FAD8D700CF1DE6 /* AlgoBaseTests */ = {
			isa = PBXGroup;
			children = (
				DAFCA42128FAD8D700CF1DE6 /* AlgoBaseTests.swift */,
			);
			path = AlgoBaseTests;
			sourceTree = "<group>";
		};
		DAFCA42C28FAD91B00CF1DE6 /* Books */ = {
			isa = PBXGroup;
			children = (
				DAFCA42D28FAD91B00CF1DE6 /* Primer.swift */,
			);
			path = Books;
			sourceTree = "<group>";
		};
		DAFCA42E28FAD91B00CF1DE6 /* Base */ = {
			isa = PBXGroup;
			children = (
				DAFCA43728FAD91B00CF1DE6 /* _Macro.swift */,
				DAFCA43328FAD91B00CF1DE6 /* Math */,
				DAFCA43C28FAD91B00CF1DE6 /* Permutations */,
				DAFCA43528FAD91B00CF1DE6 /* Search */,
				0D763870290C1AE7004CD387 /* Sort */,
				DAFCA43828FAD91B00CF1DE6 /* Structures */,
				DAFCA42F28FAD91B00CF1DE6 /* Helpers */,
			);
			path = Base;
			sourceTree = "<group>";
		};
		DAFCA42F28FAD91B00CF1DE6 /* Helpers */ = {
			isa = PBXGroup;
			children = (
				DAFCA43028FAD91B00CF1DE6 /* IntExt.swift */,
				DAFCA43128FAD91B00CF1DE6 /* StringExt.swift */,
				0D763879290E2978004CD387 /* ObjExt.swift */,
				0DADAC3229140DE700C30C0F /* DictionaryExt.swift */,
			);
			path = Helpers;
			sourceTree = "<group>";
		};
		DAFCA43328FAD91B00CF1DE6 /* Math */ = {
			isa = PBXGroup;
			children = (
				DAFCA43428FAD91B00CF1DE6 /* NumberTheory.swift */,
				0D74F4A72920AE60000E9237 /* Prime.swift */,
			);
			path = Math;
			sourceTree = "<group>";
		};
		DAFCA43528FAD91B00CF1DE6 /* Search */ = {
			isa = PBXGroup;
			children = (
				DAFCA43628FAD91B00CF1DE6 /* BinarySearch.swift */,
			);
			path = Search;
			sourceTree = "<group>";
		};
		DAFCA43828FAD91B00CF1DE6 /* Structures */ = {
			isa = PBXGroup;
			children = (
				DAFCA43B28FAD91B00CF1DE6 /* Heap.swift */,
				DAFCA43228FAD91B00CF1DE6 /* List.swift */,
				DAFCA45428FADA9500CF1DE6 /* PriorityQueue.swift */,
				DAFCA43A28FAD91B00CF1DE6 /* Queue.swift */,
				DAFCA43928FAD91B00CF1DE6 /* Stack.swift */,
				DAFCA47028FBE68900CF1DE6 /* Tree.swift */,
			);
			path = Structures;
			sourceTree = "<group>";
		};
		DAFCA43C28FAD91B00CF1DE6 /* Permutations */ = {
			isa = PBXGroup;
			children = (
				DAFCA43D28FAD91B00CF1DE6 /* Permutations.swift */,
				DAFCA43E28FAD91B00CF1DE6 /* Combinations.swift */,
				DAFCA43F28FAD91B00CF1DE6 /* LehmerCode.swift */,
			);
			path = Permutations;
			sourceTree = "<group>";
		};
		DAFCA44028FAD91C00CF1DE6 /* Support Files */ = {
			isa = PBXGroup;
			children = (
				DAFCA44128FAD91C00CF1DE6 /* AlgoBase.docc */,
			);
			path = "Support Files";
			sourceTree = "<group>";
		};
/* End PBXGroup section */

/* Begin PBXHeadersBuildPhase section */
		DAFCA40D28FAD8D700CF1DE6 /* Headers */ = {
			isa = PBXHeadersBuildPhase;
			buildActionMask = 2147483647;
			files = (
				DAFCA42328FAD8D700CF1DE6 /* AlgoBase.h in Headers */,
			);
			runOnlyForDeploymentPostprocessing = 0;
		};
/* End PBXHeadersBuildPhase section */

/* Begin PBXNativeTarget section */
		DAFCA41128FAD8D700CF1DE6 /* AlgoBase */ = {
			isa = PBXNativeTarget;
			buildConfigurationList = DAFCA42628FAD8D700CF1DE6 /* Build configuration list for PBXNativeTarget "AlgoBase" */;
			buildPhases = (
				DAFCA40D28FAD8D700CF1DE6 /* Headers */,
				DAFCA40E28FAD8D700CF1DE6 /* Sources */,
				DAFCA40F28FAD8D700CF1DE6 /* Frameworks */,
				DAFCA41028FAD8D700CF1DE6 /* Resources */,
			);
			buildRules = (
			);
			dependencies = (
			);
			name = AlgoBase;
			productName = AlgoBase;
			productReference = DAFCA41228FAD8D700CF1DE6 /* AlgoBase.framework */;
			productType = "com.apple.product-type.framework";
		};
		DAFCA41B28FAD8D700CF1DE6 /* AlgoBaseTests */ = {
			isa = PBXNativeTarget;
			buildConfigurationList = DAFCA42928FAD8D700CF1DE6 /* Build configuration list for PBXNativeTarget "AlgoBaseTests" */;
			buildPhases = (
				DAFCA41828FAD8D700CF1DE6 /* Sources */,
				DAFCA41928FAD8D700CF1DE6 /* Frameworks */,
				DAFCA41A28FAD8D700CF1DE6 /* Resources */,
			);
			buildRules = (
			);
			dependencies = (
				DAFCA41F28FAD8D700CF1DE6 /* PBXTargetDependency */,
			);
			name = AlgoBaseTests;
			productName = AlgoBaseTests;
			productReference = DAFCA41C28FAD8D700CF1DE6 /* AlgoBaseTests.xctest */;
			productType = "com.apple.product-type.bundle.unit-test";
		};
/* End PBXNativeTarget section */

/* Begin PBXProject section */
		DAFCA40928FAD8D700CF1DE6 /* Project object */ = {
			isa = PBXProject;
			attributes = {
				BuildIndependentTargetsInParallel = 1;
				LastSwiftUpdateCheck = 1400;
				LastUpgradeCheck = 1400;
				TargetAttributes = {
					DAFCA41128FAD8D700CF1DE6 = {
						CreatedOnToolsVersion = 14.0;
					};
					DAFCA41B28FAD8D700CF1DE6 = {
						CreatedOnToolsVersion = 14.0;
					};
				};
			};
			buildConfigurationList = DAFCA40C28FAD8D700CF1DE6 /* Build configuration list for PBXProject "AlgoBase" */;
			compatibilityVersion = "Xcode 14.0";
			developmentRegion = en;
			hasScannedForEncodings = 0;
			knownRegions = (
				en,
				Base,
			);
			mainGroup = DAFCA40828FAD8D700CF1DE6;
			productRefGroup = DAFCA41328FAD8D700CF1DE6 /* Products */;
			projectDirPath = "";
			projectRoot = "";
			targets = (
				DAFCA41128FAD8D700CF1DE6 /* AlgoBase */,
				DAFCA41B28FAD8D700CF1DE6 /* AlgoBaseTests */,
			);
		};
/* End PBXProject section */

/* Begin PBXResourcesBuildPhase section */
		DAFCA41028FAD8D700CF1DE6 /* Resources */ = {
			isa = PBXResourcesBuildPhase;
			buildActionMask = 2147483647;
			files = (
			);
			runOnlyForDeploymentPostprocessing = 0;
		};
		DAFCA41A28FAD8D700CF1DE6 /* Resources */ = {
			isa = PBXResourcesBuildPhase;
			buildActionMask = 2147483647;
			files = (
			);
			runOnlyForDeploymentPostprocessing = 0;
		};
/* End PBXResourcesBuildPhase section */

/* Begin PBXSourcesBuildPhase section */
		DAFCA40E28FAD8D700CF1DE6 /* Sources */ = {
			isa = PBXSourcesBuildPhase;
			buildActionMask = 2147483647;
			files = (
				DAFCA44428FAD91C00CF1DE6 /* StringExt.swift in Sources */,
				DAFCA44B28FAD91C00CF1DE6 /* Heap.swift in Sources */,
				DAFCA45528FADA9500CF1DE6 /* PriorityQueue.swift in Sources */,
				DAFCA44E28FAD91C00CF1DE6 /* LehmerCode.swift in Sources */,
				DAFCA44628FAD91C00CF1DE6 /* NumberTheory.swift in Sources */,
				DAFCA44828FAD91C00CF1DE6 /* _Macro.swift in Sources */,
				DAFCA44728FAD91C00CF1DE6 /* BinarySearch.swift in Sources */,
				0D74F4A82920AE60000E9237 /* Prime.swift in Sources */,
				DAFCA44928FAD91C00CF1DE6 /* Stack.swift in Sources */,
				DAFCA44228FAD91C00CF1DE6 /* Primer.swift in Sources */,
				DAFCA44328FAD91C00CF1DE6 /* IntExt.swift in Sources */,
				DAFCA44C28FAD91C00CF1DE6 /* Permutations.swift in Sources */,
				DAFCA44A28FAD91C00CF1DE6 /* Queue.swift in Sources */,
				DAFCA44528FAD91C00CF1DE6 /* List.swift in Sources */,
				0DADAC272914007F00C30C0F /* QuickSort.swift in Sources */,
				0D76387A290E2978004CD387 /* ObjExt.swift in Sources */,
				DAFCA44F28FAD91C00CF1DE6 /* AlgoBase.docc in Sources */,
				0DADAC3329140DE700C30C0F /* DictionaryExt.swift in Sources */,
				DAFCA44D28FAD91C00CF1DE6 /* Combinations.swift in Sources */,
				DAFCA47128FBE68900CF1DE6 /* Tree.swift in Sources */,
			);
			runOnlyForDeploymentPostprocessing = 0;
		};
		DAFCA41828FAD8D700CF1DE6 /* Sources */ = {
			isa = PBXSourcesBuildPhase;
			buildActionMask = 2147483647;
			files = (
				DAFCA42228FAD8D700CF1DE6 /* AlgoBaseTests.swift in Sources */,
			);
			runOnlyForDeploymentPostprocessing = 0;
		};
/* End PBXSourcesBuildPhase section */

/* Begin PBXTargetDependency section */
		DAFCA41F28FAD8D700CF1DE6 /* PBXTargetDependency */ = {
			isa = PBXTargetDependency;
			target = DAFCA41128FAD8D700CF1DE6 /* AlgoBase */;
			targetProxy = DAFCA41E28FAD8D700CF1DE6 /* PBXContainerItemProxy */;
		};
/* End PBXTargetDependency section */

/* Begin XCBuildConfiguration section */
		DAFCA42428FAD8D700CF1DE6 /* Debug */ = {
			isa = XCBuildConfiguration;
			buildSettings = {
				ALWAYS_SEARCH_USER_PATHS = NO;
				CLANG_ANALYZER_NONNULL = YES;
				CLANG_ANALYZER_NUMBER_OBJECT_CONVERSION = YES_AGGRESSIVE;
				CLANG_CXX_LANGUAGE_STANDARD = "gnu++20";
				CLANG_ENABLE_MODULES = YES;
				CLANG_ENABLE_OBJC_ARC = YES;
				CLANG_ENABLE_OBJC_WEAK = YES;
				CLANG_WARN_BLOCK_CAPTURE_AUTORELEASING = YES;
				CLANG_WARN_BOOL_CONVERSION = YES;
				CLANG_WARN_COMMA = YES;
				CLANG_WARN_CONSTANT_CONVERSION = YES;
				CLANG_WARN_DEPRECATED_OBJC_IMPLEMENTATIONS = YES;
				CLANG_WARN_DIRECT_OBJC_ISA_USAGE = YES_ERROR;
				CLANG_WARN_DOCUMENTATION_COMMENTS = YES;
				CLANG_WARN_EMPTY_BODY = YES;
				CLANG_WARN_ENUM_CONVERSION = YES;
				CLANG_WARN_INFINITE_RECURSION = YES;
				CLANG_WARN_INT_CONVERSION = YES;
				CLANG_WARN_NON_LITERAL_NULL_CONVERSION = YES;
				CLANG_WARN_OBJC_IMPLICIT_RETAIN_SELF = YES;
				CLANG_WARN_OBJC_LITERAL_CONVERSION = YES;
				CLANG_WARN_OBJC_ROOT_CLASS = YES_ERROR;
				CLANG_WARN_QUOTED_INCLUDE_IN_FRAMEWORK_HEADER = YES;
				CLANG_WARN_RANGE_LOOP_ANALYSIS = YES;
				CLANG_WARN_STRICT_PROTOTYPES = YES;
				CLANG_WARN_SUSPICIOUS_MOVE = YES;
				CLANG_WARN_UNGUARDED_AVAILABILITY = YES_AGGRESSIVE;
				CLANG_WARN_UNREACHABLE_CODE = YES;
				CLANG_WARN__DUPLICATE_METHOD_MATCH = YES;
				COPY_PHASE_STRIP = NO;
				CURRENT_PROJECT_VERSION = 1;
				DEBUG_INFORMATION_FORMAT = dwarf;
				ENABLE_STRICT_OBJC_MSGSEND = YES;
				ENABLE_TESTABILITY = YES;
				GCC_C_LANGUAGE_STANDARD = gnu11;
				GCC_DYNAMIC_NO_PIC = NO;
				GCC_NO_COMMON_BLOCKS = YES;
				GCC_OPTIMIZATION_LEVEL = 0;
				GCC_PREPROCESSOR_DEFINITIONS = (
					"DEBUG=1",
					"$(inherited)",
				);
				GCC_WARN_64_TO_32_BIT_CONVERSION = YES;
				GCC_WARN_ABOUT_RETURN_TYPE = YES_ERROR;
				GCC_WARN_UNDECLARED_SELECTOR = YES;
				GCC_WARN_UNINITIALIZED_AUTOS = YES_AGGRESSIVE;
				GCC_WARN_UNUSED_FUNCTION = YES;
				GCC_WARN_UNUSED_VARIABLE = YES;
				MACOSX_DEPLOYMENT_TARGET = 12.3;
				MTL_ENABLE_DEBUG_INFO = INCLUDE_SOURCE;
				MTL_FAST_MATH = YES;
				ONLY_ACTIVE_ARCH = YES;
				SDKROOT = macosx;
				SWIFT_ACTIVE_COMPILATION_CONDITIONS = DEBUG;
				SWIFT_OPTIMIZATION_LEVEL = "-Onone";
				VERSIONING_SYSTEM = "apple-generic";
				VERSION_INFO_PREFIX = "";
			};
			name = Debug;
		};
		DAFCA42528FAD8D700CF1DE6 /* Release */ = {
			isa = XCBuildConfiguration;
			buildSettings = {
				ALWAYS_SEARCH_USER_PATHS = NO;
				CLANG_ANALYZER_NONNULL = YES;
				CLANG_ANALYZER_NUMBER_OBJECT_CONVERSION = YES_AGGRESSIVE;
				CLANG_CXX_LANGUAGE_STANDARD = "gnu++20";
				CLANG_ENABLE_MODULES = YES;
				CLANG_ENABLE_OBJC_ARC = YES;
				CLANG_ENABLE_OBJC_WEAK = YES;
				CLANG_WARN_BLOCK_CAPTURE_AUTORELEASING = YES;
				CLANG_WARN_BOOL_CONVERSION = YES;
				CLANG_WARN_COMMA = YES;
				CLANG_WARN_CONSTANT_CONVERSION = YES;
				CLANG_WARN_DEPRECATED_OBJC_IMPLEMENTATIONS = YES;
				CLANG_WARN_DIRECT_OBJC_ISA_USAGE = YES_ERROR;
				CLANG_WARN_DOCUMENTATION_COMMENTS = YES;
				CLANG_WARN_EMPTY_BODY = YES;
				CLANG_WARN_ENUM_CONVERSION = YES;
				CLANG_WARN_INFINITE_RECURSION = YES;
				CLANG_WARN_INT_CONVERSION = YES;
				CLANG_WARN_NON_LITERAL_NULL_CONVERSION = YES;
				CLANG_WARN_OBJC_IMPLICIT_RETAIN_SELF = YES;
				CLANG_WARN_OBJC_LITERAL_CONVERSION = YES;
				CLANG_WARN_OBJC_ROOT_CLASS = YES_ERROR;
				CLANG_WARN_QUOTED_INCLUDE_IN_FRAMEWORK_HEADER = YES;
				CLANG_WARN_RANGE_LOOP_ANALYSIS = YES;
				CLANG_WARN_STRICT_PROTOTYPES = YES;
				CLANG_WARN_SUSPICIOUS_MOVE = YES;
				CLANG_WARN_UNGUARDED_AVAILABILITY = YES_AGGRESSIVE;
				CLANG_WARN_UNREACHABLE_CODE = YES;
				CLANG_WARN__DUPLICATE_METHOD_MATCH = YES;
				COPY_PHASE_STRIP = NO;
				CURRENT_PROJECT_VERSION = 1;
				DEBUG_INFORMATION_FORMAT = "dwarf-with-dsym";
				ENABLE_NS_ASSERTIONS = NO;
				ENABLE_STRICT_OBJC_MSGSEND = YES;
				GCC_C_LANGUAGE_STANDARD = gnu11;
				GCC_NO_COMMON_BLOCKS = YES;
				GCC_WARN_64_TO_32_BIT_CONVERSION = YES;
				GCC_WARN_ABOUT_RETURN_TYPE = YES_ERROR;
				GCC_WARN_UNDECLARED_SELECTOR = YES;
				GCC_WARN_UNINITIALIZED_AUTOS = YES_AGGRESSIVE;
				GCC_WARN_UNUSED_FUNCTION = YES;
				GCC_WARN_UNUSED_VARIABLE = YES;
				MACOSX_DEPLOYMENT_TARGET = 12.3;
				MTL_ENABLE_DEBUG_INFO = NO;
				MTL_FAST_MATH = YES;
				SDKROOT = macosx;
				SWIFT_COMPILATION_MODE = wholemodule;
				SWIFT_OPTIMIZATION_LEVEL = "-O";
				VERSIONING_SYSTEM = "apple-generic";
				VERSION_INFO_PREFIX = "";
			};
			name = Release;
		};
		DAFCA42728FAD8D700CF1DE6 /* Debug */ = {
			isa = XCBuildConfiguration;
			buildSettings = {
				CODE_SIGN_STYLE = Automatic;
				COMBINE_HIDPI_IMAGES = YES;
				CURRENT_PROJECT_VERSION = 1;
				DEFINES_MODULE = YES;
				DYLIB_COMPATIBILITY_VERSION = 1;
				DYLIB_CURRENT_VERSION = 1;
				DYLIB_INSTALL_NAME_BASE = "@rpath";
				GENERATE_INFOPLIST_FILE = YES;
				INFOPLIST_KEY_NSHumanReadableCopyright = "";
				INSTALL_PATH = "$(LOCAL_LIBRARY_DIR)/Frameworks";
				LD_RUNPATH_SEARCH_PATHS = (
					"$(inherited)",
					"@executable_path/../Frameworks",
					"@loader_path/Frameworks",
				);
				MARKETING_VERSION = 1.0;
				PRODUCT_BUNDLE_IDENTIFIER = com.ryderfang.AlgoBase;
				PRODUCT_NAME = "$(TARGET_NAME:c99extidentifier)";
				SKIP_INSTALL = YES;
				SWIFT_EMIT_LOC_STRINGS = YES;
				SWIFT_VERSION = 5.0;
			};
			name = Debug;
		};
		DAFCA42828FAD8D700CF1DE6 /* Release */ = {
			isa = XCBuildConfiguration;
			buildSettings = {
				CODE_SIGN_STYLE = Automatic;
				COMBINE_HIDPI_IMAGES = YES;
				CURRENT_PROJECT_VERSION = 1;
				DEFINES_MODULE = YES;
				DYLIB_COMPATIBILITY_VERSION = 1;
				DYLIB_CURRENT_VERSION = 1;
				DYLIB_INSTALL_NAME_BASE = "@rpath";
				GENERATE_INFOPLIST_FILE = YES;
				INFOPLIST_KEY_NSHumanReadableCopyright = "";
				INSTALL_PATH = "$(LOCAL_LIBRARY_DIR)/Frameworks";
				LD_RUNPATH_SEARCH_PATHS = (
					"$(inherited)",
					"@executable_path/../Frameworks",
					"@loader_path/Frameworks",
				);
				MARKETING_VERSION = 1.0;
				PRODUCT_BUNDLE_IDENTIFIER = com.ryderfang.AlgoBase;
				PRODUCT_NAME = "$(TARGET_NAME:c99extidentifier)";
				SKIP_INSTALL = YES;
				SWIFT_EMIT_LOC_STRINGS = YES;
				SWIFT_VERSION = 5.0;
			};
			name = Release;
		};
		DAFCA42A28FAD8D700CF1DE6 /* Debug */ = {
			isa = XCBuildConfiguration;
			buildSettings = {
				ALWAYS_EMBED_SWIFT_STANDARD_LIBRARIES = YES;
				CODE_SIGN_STYLE = Automatic;
				CURRENT_PROJECT_VERSION = 1;
				GENERATE_INFOPLIST_FILE = YES;
				MARKETING_VERSION = 1.0;
				PRODUCT_BUNDLE_IDENTIFIER = com.ryderfang.AlgoBaseTests;
				PRODUCT_NAME = "$(TARGET_NAME)";
				SWIFT_EMIT_LOC_STRINGS = NO;
				SWIFT_VERSION = 5.0;
			};
			name = Debug;
		};
		DAFCA42B28FAD8D700CF1DE6 /* Release */ = {
			isa = XCBuildConfiguration;
			buildSettings = {
				ALWAYS_EMBED_SWIFT_STANDARD_LIBRARIES = YES;
				CODE_SIGN_STYLE = Automatic;
				CURRENT_PROJECT_VERSION = 1;
				GENERATE_INFOPLIST_FILE = YES;
				MARKETING_VERSION = 1.0;
				PRODUCT_BUNDLE_IDENTIFIER = com.ryderfang.AlgoBaseTests;
				PRODUCT_NAME = "$(TARGET_NAME)";
				SWIFT_EMIT_LOC_STRINGS = NO;
				SWIFT_VERSION = 5.0;
			};
			name = Release;
		};
/* End XCBuildConfiguration section */

/* Begin XCConfigurationList section */
		DAFCA40C28FAD8D700CF1DE6 /* Build configuration list for PBXProject "AlgoBase" */ = {
			isa = XCConfigurationList;
			buildConfigurations = (
				DAFCA42428FAD8D700CF1DE6 /* Debug */,
				DAFCA42528FAD8D700CF1DE6 /* Release */,
			);
			defaultConfigurationIsVisible = 0;
			defaultConfigurationName = Release;
		};
		DAFCA42628FAD8D700CF1DE6 /* Build configuration list for PBXNativeTarget "AlgoBase" */ = {
			isa = XCConfigurationList;
			buildConfigurations = (
				DAFCA42728FAD8D700CF1DE6 /* Debug */,
				DAFCA42828FAD8D700CF1DE6 /* Release */,
			);
			defaultConfigurationIsVisible = 0;
			defaultConfigurationName = Release;
		};
		DAFCA42928FAD8D700CF1DE6 /* Build configuration list for PBXNativeTarget "AlgoBaseTests" */ = {
			isa = XCConfigurationList;
			buildConfigurations = (
				DAFCA42A28FAD8D700CF1DE6 /* Debug */,
				DAFCA42B28FAD8D700CF1DE6 /* Release */,
			);
			defaultConfigurationIsVisible = 0;
			defaultConfigurationName = Release;
		};
/* End XCConfigurationList section */
	};
	rootObject = DAFCA40928FAD8D700CF1DE6 /* Project object */;
}
